{
  "name": "stale-deal-nagger-ai-designer",
  "version": "1.0.0",
  "lockfileVersion": 3,
  "requires": true,
  "packages": {
    "": {
      "name": "stale-deal-nagger-ai-designer",
      "version": "1.0.0",
      "dependencies": {
        "@21st-sdk/agent": "latest",
        "zod": "^3.22.0"
      }
    },
    "node_modules/@21st-sdk/agent": {
      "version": "0.0.12",
      "resolved": "https://registry.npmjs.org/@21st-sdk/agent/-/agent-0.0.12.tgz",
      "integrity": "sha512-q24wlyBbVaM60/07l0gWHKwLL6x03/mUOQCpg3DKE1oOYDwbEfLxXF7ezzsz0FdryHYJJjw91g89ZCblgDidpg==",
      "license": "MIT",
      "dependencies": {
        "@21st-sdk/node": "^0.0.7"
      },
      "peerDependencies": {
        "zod": ">=3.24"
      }
    },
    "node_modules/@21st-sdk/node": {
      "version": "0.0.7",
      "resolved": "https://registry.npmjs.org/@21st-sdk/node/-/node-0.0.7.tgz",
      "integrity": "sha512-fw0vB0wBYS6KI03bNlORpJJHh7jRwxvia2pwrfJldNCbPrtuqQ8zo1Y1DR2cMlmuv+flTJwz2gzhSLXZY1iwAQ==",
      "license": "MIT"
    },
    "node_modules/zod": {
      "version": "3.25.76",
      "resolved": "https://registry.npmjs.org/zod/-/zod-3.25.76.tgz",
      "integrity": "sha512-gzUt/qt81nXsFGKIFcC3YnfEAx5NkunCfnDlvuBSSFS02bcXu4Lmea0AFIUwbLWxWPx3d9p8S5QoaujKcNQxcQ==",
      "license": "MIT",
      "funding": {
        "url": "https://github.com/sponsors/colinhacks"
      }
    }
  }
}
